
Microsoft Visual Studio Solution File, Format Version 12.00
# Visual Studio Version 16
VisualStudioVersion = 16.0.30413.136
MinimumVisualStudioVersion = 10.0.40219.1
Project("{FAE04EC0-301F-11D3-BF4B-00C04F79EFBC}") = "RasingDEMO2.0", "RasingDEMO2.0\RasingDEMO2.0.csproj", "{88EED89A-FC05-42C1-97BA-499029486405}"
EndProject
Global
	GlobalSection(SolutionConfigurationPlatforms) = preSolution
		Debug|Any CPU = Debug|Any CPU
		Release|Any CPU = Release|Any CPU
	EndGlobalSection
	GlobalSection(ProjectConfigurationPlatforms) = postSolution
		{88EED89A-FC05-42C1-97BA-499029486405}.Debug|Any CPU.ActiveCfg = Debug|Any CPU
		{88EED89A-FC05-42C1-97BA-499029486405}.Debug|Any CPU.Build.0 = Debug|Any CPU
		{88EED89A-FC05-42C1-97BA-499029486405}.Release|Any CPU.ActiveCfg = Release|Any CPU
		{88EED89A-FC05-42C1-97BA-499029486405}.Release|Any CPU.Build.0 = Release|Any CPU
	EndGlobalSection
	GlobalSection(SolutionProperties) = preSolution
		HideSolutionNode = FALSE
	EndGlobalSection
	GlobalSection(ExtensibilityGlobals) = postSolution
		SolutionGuid = {E99A2851-F934-47D8-AFB7-B33AAABE09A6}
	EndGlobalSection
EndGlobal
